
Microsoft Visual Studio Solution File, Format Version 12.00
# Visual Studio 15
Project("{FAE04EC0-301F-11D3-BF4B-00C04F79EFBC}") = "Assembly-CSharp", "Assembly-CSharp.csproj", "{BEC89A45-9804-02E7-B29F-AC2A648FFAED}"
EndProject
Project("{FAE04EC0-301F-11D3-BF4B-00C04F79EFBC}") = "Assembly-CSharp-firstpass", "Assembly-CSharp-firstpass.csproj", "{671D92CA-4D61-BAD6-E534-1F6DE3996DD0}"
EndProject
Project("{FAE04EC0-301F-11D3-BF4B-00C04F79EFBC}") = "Assembly-CSharp-Editor-firstpass", "Assembly-CSharp-Editor-firstpass.csproj", "{D9EBC254-7E76-2174-D13D-12F184BCE8D6}"
EndProject
Global
	GlobalSection(SolutionConfigurationPlatforms) = preSolution
		Debug|Any CPU = Debug|Any CPU
		Release|Any CPU = Release|Any CPU
	EndGlobalSection
	GlobalSection(ProjectConfigurationPlatforms) = postSolution
		{BEC89A45-9804-02E7-B29F-AC2A648FFAED}.Debug|Any CPU.ActiveCfg = Debug|Any CPU
		{BEC89A45-9804-02E7-B29F-AC2A648FFAED}.Debug|Any CPU.Build.0 = Debug|Any CPU
		{BEC89A45-9804-02E7-B29F-AC2A648FFAED}.Release|Any CPU.ActiveCfg = Release|Any CPU
		{BEC89A45-9804-02E7-B29F-AC2A648FFAED}.Release|Any CPU.Build.0 = Release|Any CPU
		{671D92CA-4D61-BAD6-E534-1F6DE3996DD0}.Debug|Any CPU.ActiveCfg = Debug|Any CPU
		{671D92CA-4D61-BAD6-E534-1F6DE3996DD0}.Debug|Any CPU.Build.0 = Debug|Any CPU
		{671D92CA-4D61-BAD6-E534-1F6DE3996DD0}.Release|Any CPU.ActiveCfg = Release|Any CPU
		{671D92CA-4D61-BAD6-E534-1F6DE3996DD0}.Release|Any CPU.Build.0 = Release|Any CPU
		{D9EBC254-7E76-2174-D13D-12F184BCE8D6}.Debug|Any CPU.ActiveCfg = Debug|Any CPU
		{D9EBC254-7E76-2174-D13D-12F184BCE8D6}.Debug|Any CPU.Build.0 = Debug|Any CPU
		{D9EBC254-7E76-2174-D13D-12F184BCE8D6}.Release|Any CPU.ActiveCfg = Release|Any CPU
		{D9EBC254-7E76-2174-D13D-12F184BCE8D6}.Release|Any CPU.Build.0 = Release|Any CPU
	EndGlobalSection
	GlobalSection(SolutionProperties) = preSolution
		HideSolutionNode = FALSE
	EndGlobalSection
EndGlobal
